
Microsoft Visual Studio Solution File, Format Version 12.00
# Visual Studio Version 16
VisualStudioVersion = 16.0.32228.343
MinimumVisualStudioVersion = 10.0.40219.1
Project("{FAE04EC0-301F-11D3-BF4B-00C04F79EFBC}") = "DataDirector", "DataDirector\DataDirector.csproj", "{F0FCF72F-1494-4B4F-833C-BD4F724D9B17}"
EndProject
Project("{FAE04EC0-301F-11D3-BF4B-00C04F79EFBC}") = "DataHandler", "DataHandler\DataHandler.csproj", "{EB95E7F8-4DB4-44FF-B5F7-92093C33FDBF}"
EndProject
Project("{FAE04EC0-301F-11D3-BF4B-00C04F79EFBC}") = "DataValidation", "DataValidation\DataValidation.csproj", "{F3859EC7-F454-42D0-B246-06E86C8C0696}"
EndProject
Project("{FAE04EC0-301F-11D3-BF4B-00C04F79EFBC}") = "Validation4086", "Validation4086\Validation4086.csproj", "{B64F18F9-1294-419E-8510-E36D6675419B}"
	ProjectSection(ProjectDependencies) = postProject
		{EA3D9326-EB6E-4D27-A8E1-976106A636F1} = {EA3D9326-EB6E-4D27-A8E1-976106A636F1}
		{619F823D-0888-458B-B527-90B03DB75423} = {619F823D-0888-458B-B527-90B03DB75423}
		{F3859EC7-F454-42D0-B246-06E86C8C0696} = {F3859EC7-F454-42D0-B246-06E86C8C0696}
	EndProjectSection
EndProject
Project("{FAE04EC0-301F-11D3-BF4B-00C04F79EFBC}") = "DataDirectorControlPanel", "DataDirectorControlPanel\DataDirectorControlPanel.csproj", "{A1DC0B80-90E3-402B-8996-E0F5F935C4F6}"
	ProjectSection(ProjectDependencies) = postProject
		{EA3D9326-EB6E-4D27-A8E1-976106A636F1} = {EA3D9326-EB6E-4D27-A8E1-976106A636F1}
		{619F823D-0888-458B-B527-90B03DB75423} = {619F823D-0888-458B-B527-90B03DB75423}
		{B64F18F9-1294-419E-8510-E36D6675419B} = {B64F18F9-1294-419E-8510-E36D6675419B}
	EndProjectSection
EndProject
Project("{FAE04EC0-301F-11D3-BF4B-00C04F79EFBC}") = "MVI", "MVI\MVI.csproj", "{EA3D9326-EB6E-4D27-A8E1-976106A636F1}"
	ProjectSection(ProjectDependencies) = postProject
		{F3859EC7-F454-42D0-B246-06E86C8C0696} = {F3859EC7-F454-42D0-B246-06E86C8C0696}
	EndProjectSection
EndProject
Project("{FAE04EC0-301F-11D3-BF4B-00C04F79EFBC}") = "PrivacyMailingValidation", "PrivacyMailingValidation\PrivacyMailingValidation.csproj", "{619F823D-0888-458B-B527-90B03DB75423}"
	ProjectSection(ProjectDependencies) = postProject
		{EA3D9326-EB6E-4D27-A8E1-976106A636F1} = {EA3D9326-EB6E-4D27-A8E1-976106A636F1}
		{F3859EC7-F454-42D0-B246-06E86C8C0696} = {F3859EC7-F454-42D0-B246-06E86C8C0696}
	EndProjectSection
EndProject
Project("{FAE04EC0-301F-11D3-BF4B-00C04F79EFBC}") = "GroupValidation", "GroupValidation\GroupValidation.csproj", "{A0579B2F-DF0A-48B7-8336-FBC65F1F240C}"
	ProjectSection(ProjectDependencies) = postProject
		{EA3D9326-EB6E-4D27-A8E1-976106A636F1} = {EA3D9326-EB6E-4D27-A8E1-976106A636F1}
		{619F823D-0888-458B-B527-90B03DB75423} = {619F823D-0888-458B-B527-90B03DB75423}
		{F3859EC7-F454-42D0-B246-06E86C8C0696} = {F3859EC7-F454-42D0-B246-06E86C8C0696}
	EndProjectSection
EndProject
Project("{54435603-DBB4-11D2-8724-00A0C9A8B90C}") = "SetupDataDirector", "SetupDataDirector\SetupDataDirector.vdproj", "{48AB2637-C23A-4059-B039-166E6EA8A73B}"
EndProject
Global
	GlobalSection(SolutionConfigurationPlatforms) = preSolution
		Debug|Any CPU = Debug|Any CPU
		Debug|x64 = Debug|x64
		Debug|x86 = Debug|x86
		Release|Any CPU = Release|Any CPU
		Release|x64 = Release|x64
		Release|x86 = Release|x86
	EndGlobalSection
	GlobalSection(ProjectConfigurationPlatforms) = postSolution
		{F0FCF72F-1494-4B4F-833C-BD4F724D9B17}.Debug|Any CPU.ActiveCfg = Debug|Any CPU
		{F0FCF72F-1494-4B4F-833C-BD4F724D9B17}.Debug|Any CPU.Build.0 = Debug|Any CPU
		{F0FCF72F-1494-4B4F-833C-BD4F724D9B17}.Debug|x64.ActiveCfg = Debug|x64
		{F0FCF72F-1494-4B4F-833C-BD4F724D9B17}.Debug|x64.Build.0 = Debug|x64
		{F0FCF72F-1494-4B4F-833C-BD4F724D9B17}.Debug|x86.ActiveCfg = Debug|x86
		{F0FCF72F-1494-4B4F-833C-BD4F724D9B17}.Debug|x86.Build.0 = Debug|x86
		{F0FCF72F-1494-4B4F-833C-BD4F724D9B17}.Release|Any CPU.ActiveCfg = Release|Any CPU
		{F0FCF72F-1494-4B4F-833C-BD4F724D9B17}.Release|Any CPU.Build.0 = Release|Any CPU
		{F0FCF72F-1494-4B4F-833C-BD4F724D9B17}.Release|x64.ActiveCfg = Release|x64
		{F0FCF72F-1494-4B4F-833C-BD4F724D9B17}.Release|x64.Build.0 = Release|x64
		{F0FCF72F-1494-4B4F-833C-BD4F724D9B17}.Release|x86.ActiveCfg = Release|x86
		{F0FCF72F-1494-4B4F-833C-BD4F724D9B17}.Release|x86.Build.0 = Release|x86
		{EB95E7F8-4DB4-44FF-B5F7-92093C33FDBF}.Debug|Any CPU.ActiveCfg = Debug|Any CPU
		{EB95E7F8-4DB4-44FF-B5F7-92093C33FDBF}.Debug|Any CPU.Build.0 = Debug|Any CPU
		{EB95E7F8-4DB4-44FF-B5F7-92093C33FDBF}.Debug|x64.ActiveCfg = Debug|x64
		{EB95E7F8-4DB4-44FF-B5F7-92093C33FDBF}.Debug|x64.Build.0 = Debug|x64
		{EB95E7F8-4DB4-44FF-B5F7-92093C33FDBF}.Debug|x86.ActiveCfg = Debug|x86
		{EB95E7F8-4DB4-44FF-B5F7-92093C33FDBF}.Debug|x86.Build.0 = Debug|x86
		{EB95E7F8-4DB4-44FF-B5F7-92093C33FDBF}.Release|Any CPU.ActiveCfg = Release|Any CPU
		{EB95E7F8-4DB4-44FF-B5F7-92093C33FDBF}.Release|Any CPU.Build.0 = Release|Any CPU
		{EB95E7F8-4DB4-44FF-B5F7-92093C33FDBF}.Release|x64.ActiveCfg = Release|x64
		{EB95E7F8-4DB4-44FF-B5F7-92093C33FDBF}.Release|x64.Build.0 = Release|x64
		{EB95E7F8-4DB4-44FF-B5F7-92093C33FDBF}.Release|x86.ActiveCfg = Release|x86
		{EB95E7F8-4DB4-44FF-B5F7-92093C33FDBF}.Release|x86.Build.0 = Release|x86
		{F3859EC7-F454-42D0-B246-06E86C8C0696}.Debug|Any CPU.ActiveCfg = Debug|Any CPU
		{F3859EC7-F454-42D0-B246-06E86C8C0696}.Debug|Any CPU.Build.0 = Debug|Any CPU
		{F3859EC7-F454-42D0-B246-06E86C8C0696}.Debug|x64.ActiveCfg = Debug|x64
		{F3859EC7-F454-42D0-B246-06E86C8C0696}.Debug|x64.Build.0 = Debug|x64
		{F3859EC7-F454-42D0-B246-06E86C8C0696}.Debug|x86.ActiveCfg = Debug|x86
		{F3859EC7-F454-42D0-B246-06E86C8C0696}.Debug|x86.Build.0 = Debug|x86
		{F3859EC7-F454-42D0-B246-06E86C8C0696}.Release|Any CPU.ActiveCfg = Release|Any CPU
		{F3859EC7-F454-42D0-B246-06E86C8C0696}.Release|Any CPU.Build.0 = Release|Any CPU
		{F3859EC7-F454-42D0-B246-06E86C8C0696}.Release|x64.ActiveCfg = Release|x64
		{F3859EC7-F454-42D0-B246-06E86C8C0696}.Release|x64.Build.0 = Release|x64
		{F3859EC7-F454-42D0-B246-06E86C8C0696}.Release|x86.ActiveCfg = Release|x86
		{F3859EC7-F454-42D0-B246-06E86C8C0696}.Release|x86.Build.0 = Release|x86
		{B64F18F9-1294-419E-8510-E36D6675419B}.Debug|Any CPU.ActiveCfg = Debug|Any CPU
		{B64F18F9-1294-419E-8510-E36D6675419B}.Debug|Any CPU.Build.0 = Debug|Any CPU
		{B64F18F9-1294-419E-8510-E36D6675419B}.Debug|x64.ActiveCfg = Debug|x64
		{B64F18F9-1294-419E-8510-E36D6675419B}.Debug|x64.Build.0 = Debug|x64
		{B64F18F9-1294-419E-8510-E36D6675419B}.Debug|x86.ActiveCfg = Debug|x86
		{B64F18F9-1294-419E-8510-E36D6675419B}.Debug|x86.Build.0 = Debug|x86
		{B64F18F9-1294-419E-8510-E36D6675419B}.Release|Any CPU.ActiveCfg = Release|Any CPU
		{B64F18F9-1294-419E-8510-E36D6675419B}.Release|Any CPU.Build.0 = Release|Any CPU
		{B64F18F9-1294-419E-8510-E36D6675419B}.Release|x64.ActiveCfg = Release|x64
		{B64F18F9-1294-419E-8510-E36D6675419B}.Release|x64.Build.0 = Release|x64
		{B64F18F9-1294-419E-8510-E36D6675419B}.Release|x86.ActiveCfg = Release|x86
		{B64F18F9-1294-419E-8510-E36D6675419B}.Release|x86.Build.0 = Release|x86
		{A1DC0B80-90E3-402B-8996-E0F5F935C4F6}.Debug|Any CPU.ActiveCfg = Debug|Any CPU
		{A1DC0B80-90E3-402B-8996-E0F5F935C4F6}.Debug|Any CPU.Build.0 = Debug|Any CPU
		{A1DC0B80-90E3-402B-8996-E0F5F935C4F6}.Debug|x64.ActiveCfg = Debug|x64
		{A1DC0B80-90E3-402B-8996-E0F5F935C4F6}.Debug|x64.Build.0 = Debug|x64
		{A1DC0B80-90E3-402B-8996-E0F5F935C4F6}.Debug|x86.ActiveCfg = Debug|x86
		{A1DC0B80-90E3-402B-8996-E0F5F935C4F6}.Debug|x86.Build.0 = Debug|x86
		{A1DC0B80-90E3-402B-8996-E0F5F935C4F6}.Release|Any CPU.ActiveCfg = Release|Any CPU
		{A1DC0B80-90E3-402B-8996-E0F5F935C4F6}.Release|Any CPU.Build.0 = Release|Any CPU
		{A1DC0B80-90E3-402B-8996-E0F5F935C4F6}.Release|x64.ActiveCfg = Release|x64
		{A1DC0B80-90E3-402B-8996-E0F5F935C4F6}.Release|x64.Build.0 = Release|x64
		{A1DC0B80-90E3-402B-8996-E0F5F935C4F6}.Release|x86.ActiveCfg = Release|x86
		{A1DC0B80-90E3-402B-8996-E0F5F935C4F6}.Release|x86.Build.0 = Release|x86
		{EA3D9326-EB6E-4D27-A8E1-976106A636F1}.Debug|Any CPU.ActiveCfg = Debug|Any CPU
		{EA3D9326-EB6E-4D27-A8E1-976106A636F1}.Debug|Any CPU.Build.0 = Debug|Any CPU
		{EA3D9326-EB6E-4D27-A8E1-976106A636F1}.Debug|x64.ActiveCfg = Debug|x64
		{EA3D9326-EB6E-4D27-A8E1-976106A636F1}.Debug|x64.Build.0 = Debug|x64
		{EA3D9326-EB6E-4D27-A8E1-976106A636F1}.Debug|x86.ActiveCfg = Debug|x86
		{EA3D9326-EB6E-4D27-A8E1-976106A636F1}.Debug|x86.Build.0 = Debug|x86
		{EA3D9326-EB6E-4D27-A8E1-976106A636F1}.Release|Any CPU.ActiveCfg = Release|Any CPU
		{EA3D9326-EB6E-4D27-A8E1-976106A636F1}.Release|Any CPU.Build.0 = Release|Any CPU
		{EA3D9326-EB6E-4D27-A8E1-976106A636F1}.Release|x64.ActiveCfg = Release|x64
		{EA3D9326-EB6E-4D27-A8E1-976106A636F1}.Release|x64.Build.0 = Release|x64
		{EA3D9326-EB6E-4D27-A8E1-976106A636F1}.Release|x86.ActiveCfg = Release|x86
		{EA3D9326-EB6E-4D27-A8E1-976106A636F1}.Release|x86.Build.0 = Release|x86
		{619F823D-0888-458B-B527-90B03DB75423}.Debug|Any CPU.ActiveCfg = Debug|Any CPU
		{619F823D-0888-458B-B527-90B03DB75423}.Debug|Any CPU.Build.0 = Debug|Any CPU
		{619F823D-0888-458B-B527-90B03DB75423}.Debug|x64.ActiveCfg = Debug|x64
		{619F823D-0888-458B-B527-90B03DB75423}.Debug|x64.Build.0 = Debug|x64
		{619F823D-0888-458B-B527-90B03DB75423}.Debug|x86.ActiveCfg = Debug|x86
		{619F823D-0888-458B-B527-90B03DB75423}.Debug|x86.Build.0 = Debug|x86
		{619F823D-0888-458B-B527-90B03DB75423}.Release|Any CPU.ActiveCfg = Release|Any CPU
		{619F823D-0888-458B-B527-90B03DB75423}.Release|Any CPU.Build.0 = Release|Any CPU
		{619F823D-0888-458B-B527-90B03DB75423}.Release|x64.ActiveCfg = Release|x64
		{619F823D-0888-458B-B527-90B03DB75423}.Release|x64.Build.0 = Release|x64
		{619F823D-0888-458B-B527-90B03DB75423}.Release|x86.ActiveCfg = Release|x86
		{619F823D-0888-458B-B527-90B03DB75423}.Release|x86.Build.0 = Release|x86
		{A0579B2F-DF0A-48B7-8336-FBC65F1F240C}.Debug|Any CPU.ActiveCfg = Debug|Any CPU
		{A0579B2F-DF0A-48B7-8336-FBC65F1F240C}.Debug|Any CPU.Build.0 = Debug|Any CPU
		{A0579B2F-DF0A-48B7-8336-FBC65F1F240C}.Debug|x64.ActiveCfg = Debug|Any CPU
		{A0579B2F-DF0A-48B7-8336-FBC65F1F240C}.Debug|x86.ActiveCfg = Debug|x86
		{A0579B2F-DF0A-48B7-8336-FBC65F1F240C}.Debug|x86.Build.0 = Debug|x86
		{A0579B2F-DF0A-48B7-8336-FBC65F1F240C}.Release|Any CPU.ActiveCfg = Release|Any CPU
		{A0579B2F-DF0A-48B7-8336-FBC65F1F240C}.Release|Any CPU.Build.0 = Release|Any CPU
		{A0579B2F-DF0A-48B7-8336-FBC65F1F240C}.Release|x64.ActiveCfg = Release|Any CPU
		{A0579B2F-DF0A-48B7-8336-FBC65F1F240C}.Release|x86.ActiveCfg = Release|x86
		{A0579B2F-DF0A-48B7-8336-FBC65F1F240C}.Release|x86.Build.0 = Release|x86
		{48AB2637-C23A-4059-B039-166E6EA8A73B}.Debug|Any CPU.ActiveCfg = Debug
		{48AB2637-C23A-4059-B039-166E6EA8A73B}.Debug|Any CPU.Build.0 = Debug
		{48AB2637-C23A-4059-B039-166E6EA8A73B}.Debug|x64.ActiveCfg = Debug
		{48AB2637-C23A-4059-B039-166E6EA8A73B}.Debug|x64.Build.0 = Debug
		{48AB2637-C23A-4059-B039-166E6EA8A73B}.Debug|x86.ActiveCfg = Debug
		{48AB2637-C23A-4059-B039-166E6EA8A73B}.Debug|x86.Build.0 = Debug
		{48AB2637-C23A-4059-B039-166E6EA8A73B}.Release|Any CPU.ActiveCfg = Release
		{48AB2637-C23A-4059-B039-166E6EA8A73B}.Release|Any CPU.Build.0 = Release
		{48AB2637-C23A-4059-B039-166E6EA8A73B}.Release|x64.ActiveCfg = Release
		{48AB2637-C23A-4059-B039-166E6EA8A73B}.Release|x64.Build.0 = Release
		{48AB2637-C23A-4059-B039-166E6EA8A73B}.Release|x86.ActiveCfg = Release
		{48AB2637-C23A-4059-B039-166E6EA8A73B}.Release|x86.Build.0 = Release
	EndGlobalSection
	GlobalSection(SolutionProperties) = preSolution
		HideSolutionNode = FALSE
	EndGlobalSection
	GlobalSection(ExtensibilityGlobals) = postSolution
		SolutionGuid = {B00DC342-DB2F-432B-8D43-0B8611E6E908}
	EndGlobalSection
EndGlobal
